{
  "requires": true,
  "lockfileVersion": 1,
  "dependencies": {
    "kaop": {
      "version": "4.4.1",
      "resolved": "https://registry.npmjs.org/kaop/-/kaop-4.4.1.tgz",
      "integrity": "sha512-/yDs7J3UeVJdsLcL52mAA08W1zdPtG65ejMrNf8sVDRX29sUBRmLYefXjt2O1ofPEcYlUKR0kChBmRp7iydv8Q=="
    },
    "kaop-ts": {
      "version": "4.1.1",
      "resolved": "https://registry.npmjs.org/kaop-ts/-/kaop-ts-4.1.1.tgz",
      "integrity": "sha512-OoF7M22bVwP7NOkv6j2XMHmAoPDGEgG68xjfoX/32ZgCInAxMZgEr6ctbttEIklrXk5qJL1WFDJJbsIku3P+6Q==",
      "requires": {
        "kaop": "^4.4.1",
        "reflect-metadata": "^0.1.12"
      }
    },
    "reflect-metadata": {
      "version": "0.1.13",
      "resolved": "https://registry.npmjs.org/reflect-metadata/-/reflect-metadata-0.1.13.tgz",
      "integrity": "sha512-Ts1Y/anZELhSsjMcU605fU9RE4Oi3p5ORujwbIKXfWa+0Zxs510Qrmrce5/Jowq3cHSZSJqBjypxmHarc+vEWg=="
    }
  }
}
