{
  "requires": true,
  "lockfileVersion": 1,
  "dependencies": {
    "@ts-ioc/aop": {
      "version": "4.0.5",
      "resolved": "https://registry.npmjs.org/@ts-ioc/aop/-/aop-4.0.5.tgz",
      "integrity": "sha512-ipknj2Aqij6E7106HyroVjeN21Oz84h+FuOzFK4wk3mAmuyjQsVBOqoGivTTdl9z/aAiGmpiNwV27m2hYQP7CA==",
      "requires": {
        "@ts-ioc/core": "^4.0.5",
        "reflect-metadata": "^0.1.12",
        "tslib": "^1.9.2"
      }
    },
    "@ts-ioc/core": {
      "version": "4.0.5",
      "resolved": "https://registry.npmjs.org/@ts-ioc/core/-/core-4.0.5.tgz",
      "integrity": "sha512-bSjh0dMrenvBoECIypvlRHuI772DGPP4F2Cx5a6aAHwejl7XWxPOVwdA95796YxcttiJvK3FKwjQWFc+K0XuwQ==",
      "requires": {
        "reflect-metadata": "^0.1.12",
        "tslib": "^1.9.3"
      }
    },
    "kaop": {
      "version": "4.4.1",
      "resolved": "https://registry.npmjs.org/kaop/-/kaop-4.4.1.tgz",
      "integrity": "sha512-/yDs7J3UeVJdsLcL52mAA08W1zdPtG65ejMrNf8sVDRX29sUBRmLYefXjt2O1ofPEcYlUKR0kChBmRp7iydv8Q=="
    },
    "kaop-ts": {
      "version": "4.3.0",
      "resolved": "https://registry.npmjs.org/kaop-ts/-/kaop-ts-4.3.0.tgz",
      "integrity": "sha512-EZs/SMF75azZkKCA9l4GCaGDf46vLd1s849j15Mi2UKxeVZQl22/3WUe4mz2c0tbaN0flsoV1Pk+ZFAdD9JZGw==",
      "requires": {
        "kaop": "^4.4.1",
        "reflect-metadata": "^0.1.12"
      }
    },
    "reflect-metadata": {
      "version": "0.1.13",
      "resolved": "https://registry.npmjs.org/reflect-metadata/-/reflect-metadata-0.1.13.tgz",
      "integrity": "sha512-Ts1Y/anZELhSsjMcU605fU9RE4Oi3p5ORujwbIKXfWa+0Zxs510Qrmrce5/Jowq3cHSZSJqBjypxmHarc+vEWg=="
    },
    "tslib": {
      "version": "1.10.0",
      "resolved": "https://registry.npmjs.org/tslib/-/tslib-1.10.0.tgz",
      "integrity": "sha512-qOebF53frne81cf0S9B41ByenJ3/IuH8yJKngAX35CmiZySA0khhkovshKK+jGCaMnVomla7gVlIcc3EvKPbTQ=="
    },
    "typescript": {
      "version": "3.7.0-beta",
      "resolved": "https://registry.npmjs.org/typescript/-/typescript-3.7.0-beta.tgz",
      "integrity": "sha512-4jyCX+IQamrPJxgkABPq9xf+hUN+GWHVxoj+oey1TadCPa4snQl1RKwUba+1dyzYCamwlCxKvZQ3TjyWLhMGBA=="
    }
  }
}
